<?xml version="1.0" encoding="utf-8"?>
<Project ToolsVersion="4.0" xmlns="http://schemas.microsoft.com/developer/msbuild/2003">
  <ItemGroup>
    <Filter Include="include">
      <UniqueIdentifier>{3a1537ec-53a0-4ef6-b2ca-23234a3c3fcf}</UniqueIdentifier>
    </Filter>
  </ItemGroup>
  <ItemGroup>
    <ClInclude Include="$(MSBuildThisFileDirectory)include\miqs.advanced.h">
      <Filter>include</Filter>
    </ClInclude>
    <ClInclude Include="$(MSBuildThisFileDirectory)miqs.advanced" />
    <ClInclude Include="$(MSBuildThisFileDirectory)include\miqs.adv.base.h">
      <Filter>include</Filter>
    </ClInclude>
    <ClInclude Include="$(MSBuildThisFileDirectory)include\miqs.adv.pitch_shift.h">
      <Filter>include</Filter>
    </ClInclude>
  </ItemGroup>
</Project>